// !$*UTF8*$!
{
	archiveVersion = 1;
	classes = {
	};
	objectVersion = 51;
	objects = {

/* Begin PBXBuildFile section */
		490BBACFF29B3681C1F058E7 /* Pods_Aqwas_test_Aqwas_testUITests.framework in Frameworks */ = {isa = PBXBuildFile; fileRef = AB4D9950C198F25D837C103D /* Pods_Aqwas_test_Aqwas_testUITests.framework */; };
		DE7F32CB84D17E35DE15ED74 /* Pods_Aqwas_test.framework in Frameworks */ = {isa = PBXBuildFile; fileRef = 8143264619E13A814570E3AD /* Pods_Aqwas_test.framework */; };
		F6FE4C10B4146801FB1A8475 /* Pods_Aqwas_testTests.framework in Frameworks */ = {isa = PBXBuildFile; fileRef = 99AB2728223A9588E792373A /* Pods_Aqwas_testTests.framework */; };
		FD6C36002470A97B00DFF959 /* MapViewController.swift in Sources */ = {isa = PBXBuildFile; fileRef = FD6C35FF2470A97B00DFF959 /* MapViewController.swift */; };
		FDA53ABA2470284B00A856CB /* AppDelegate.swift in Sources */ = {isa = PBXBuildFile; fileRef = FDA53AB92470284B00A856CB /* AppDelegate.swift */; };
		FDA53ABC2470284B00A856CB /* SceneDelegate.swift in Sources */ = {isa = PBXBuildFile; fileRef = FDA53ABB2470284B00A856CB /* SceneDelegate.swift */; };
		FDA53ABE2470284B00A856CB /* Home.swift in Sources */ = {isa = PBXBuildFile; fileRef = FDA53ABD2470284B00A856CB /* Home.swift */; };
		FDA53AC12470284B00A856CB /* Main.storyboard in Resources */ = {isa = PBXBuildFile; fileRef = FDA53ABF2470284B00A856CB /* Main.storyboard */; };
		FDA53AC32470284C00A856CB /* Assets.xcassets in Resources */ = {isa = PBXBuildFile; fileRef = FDA53AC22470284C00A856CB /* Assets.xcassets */; };
		FDA53AC62470284C00A856CB /* LaunchScreen.storyboard in Resources */ = {isa = PBXBuildFile; fileRef = FDA53AC42470284C00A856CB /* LaunchScreen.storyboard */; };
		FDA53AD12470284D00A856CB /* Aqwas_testTests.swift in Sources */ = {isa = PBXBuildFile; fileRef = FDA53AD02470284D00A856CB /* Aqwas_testTests.swift */; };
		FDA53ADC2470284D00A856CB /* Aqwas_testUITests.swift in Sources */ = {isa = PBXBuildFile; fileRef = FDA53ADB2470284D00A856CB /* Aqwas_testUITests.swift */; };
		FDA53AEB2470303800A856CB /* UIViewExtension.swift in Sources */ = {isa = PBXBuildFile; fileRef = FDA53AEA2470303800A856CB /* UIViewExtension.swift */; };
		FDEEE484247192730084C44F /* NetworkCommunication.swift in Sources */ = {isa = PBXBuildFile; fileRef = FDEEE483247192730084C44F /* NetworkCommunication.swift */; };
		FDEEE486247192C60084C44F /* Connectivity.swift in Sources */ = {isa = PBXBuildFile; fileRef = FDEEE485247192C60084C44F /* Connectivity.swift */; };
		FDEEE4892471CA5A0084C44F /* resturantModel.swift in Sources */ = {isa = PBXBuildFile; fileRef = FDEEE4882471CA5A0084C44F /* resturantModel.swift */; };
		FDEEE48C2471CA830084C44F /* ResturantViewModel.swift in Sources */ = {isa = PBXBuildFile; fileRef = FDEEE48B2471CA830084C44F /* ResturantViewModel.swift */; };
		FDEEE48E2471CBAC0084C44F /* Observable.swift in Sources */ = {isa = PBXBuildFile; fileRef = FDEEE48D2471CBAC0084C44F /* Observable.swift */; };
		FDEEE4902471CC1E0084C44F /* returantResponse.swift in Sources */ = {isa = PBXBuildFile; fileRef = FDEEE48F2471CC1E0084C44F /* returantResponse.swift */; };
/* End PBXBuildFile section */

/* Begin PBXContainerItemProxy section */
		FDA53ACD2470284D00A856CB /* PBXContainerItemProxy */ = {
			isa = PBXContainerItemProxy;
			containerPortal = FDA53AAE2470284B00A856CB /* Project object */;
			proxyType = 1;
			remoteGlobalIDString = FDA53AB52470284B00A856CB;
			remoteInfo = "Aqwas test";
		};
		FDA53AD82470284D00A856CB /* PBXContainerItemProxy */ = {
			isa = PBXContainerItemProxy;
			containerPortal = FDA53AAE2470284B00A856CB /* Project object */;
			proxyType = 1;
			remoteGlobalIDString = FDA53AB52470284B00A856CB;
			remoteInfo = "Aqwas test";
		};
/* End PBXContainerItemProxy section */

/* Begin PBXFileReference section */
		221F610BE66F6F1454CDE68E /* Pods-Aqwas test-Aqwas testUITests.debug.xcconfig */ = {isa = PBXFileReference; includeInIndex = 1; lastKnownFileType = text.xcconfig; name = "Pods-Aqwas test-Aqwas testUITests.debug.xcconfig"; path = "Target Support Files/Pods-Aqwas test-Aqwas testUITests/Pods-Aqwas test-Aqwas testUITests.debug.xcconfig"; sourceTree = "<group>"; };
		373DDACB9AFEC72DF311CAAB /* Pods-Aqwas testTests.debug.xcconfig */ = {isa = PBXFileReference; includeInIndex = 1; lastKnownFileType = text.xcconfig; name = "Pods-Aqwas testTests.debug.xcconfig"; path = "Target Support Files/Pods-Aqwas testTests/Pods-Aqwas testTests.debug.xcconfig"; sourceTree = "<group>"; };
		6BECAFFF97A5271949FDC9AE /* Pods-Aqwas testTests.release.xcconfig */ = {isa = PBXFileReference; includeInIndex = 1; lastKnownFileType = text.xcconfig; name = "Pods-Aqwas testTests.release.xcconfig"; path = "Target Support Files/Pods-Aqwas testTests/Pods-Aqwas testTests.release.xcconfig"; sourceTree = "<group>"; };
		8143264619E13A814570E3AD /* Pods_Aqwas_test.framework */ = {isa = PBXFileReference; explicitFileType = wrapper.framework; includeInIndex = 0; path = Pods_Aqwas_test.framework; sourceTree = BUILT_PRODUCTS_DIR; };
		8C161858ABE2C2D29850E2FD /* Pods-Aqwas test-Aqwas testUITests.release.xcconfig */ = {isa = PBXFileReference; includeInIndex = 1; lastKnownFileType = text.xcconfig; name = "Pods-Aqwas test-Aqwas testUITests.release.xcconfig"; path = "Target Support Files/Pods-Aqwas test-Aqwas testUITests/Pods-Aqwas test-Aqwas testUITests.release.xcconfig"; sourceTree = "<group>"; };
		99AB2728223A9588E792373A /* Pods_Aqwas_testTests.framework */ = {isa = PBXFileReference; explicitFileType = wrapper.framework; includeInIndex = 0; path = Pods_Aqwas_testTests.framework; sourceTree = BUILT_PRODUCTS_DIR; };
		AB4D9950C198F25D837C103D /* Pods_Aqwas_test_Aqwas_testUITests.framework */ = {isa = PBXFileReference; explicitFileType = wrapper.framework; includeInIndex = 0; path = Pods_Aqwas_test_Aqwas_testUITests.framework; sourceTree = BUILT_PRODUCTS_DIR; };
		B633A4E9F224EAD7CFCB4125 /* Pods-Aqwas test.release.xcconfig */ = {isa = PBXFileReference; includeInIndex = 1; lastKnownFileType = text.xcconfig; name = "Pods-Aqwas test.release.xcconfig"; path = "Target Support Files/Pods-Aqwas test/Pods-Aqwas test.release.xcconfig"; sourceTree = "<group>"; };
		EE9C501427550DD6CB9A32DC /* Pods-Aqwas test.debug.xcconfig */ = {isa = PBXFileReference; includeInIndex = 1; lastKnownFileType = text.xcconfig; name = "Pods-Aqwas test.debug.xcconfig"; path = "Target Support Files/Pods-Aqwas test/Pods-Aqwas test.debug.xcconfig"; sourceTree = "<group>"; };
		FD6C35FF2470A97B00DFF959 /* MapViewController.swift */ = {isa = PBXFileReference; lastKnownFileType = sourcecode.swift; path = MapViewController.swift; sourceTree = "<group>"; };
		FDA53AB62470284B00A856CB /* Aqwas test.app */ = {isa = PBXFileReference; explicitFileType = wrapper.application; includeInIndex = 0; path = "Aqwas test.app"; sourceTree = BUILT_PRODUCTS_DIR; };
		FDA53AB92470284B00A856CB /* AppDelegate.swift */ = {isa = PBXFileReference; lastKnownFileType = sourcecode.swift; path = AppDelegate.swift; sourceTree = "<group>"; };
		FDA53ABB2470284B00A856CB /* SceneDelegate.swift */ = {isa = PBXFileReference; lastKnownFileType = sourcecode.swift; path = SceneDelegate.swift; sourceTree = "<group>"; };
		FDA53ABD2470284B00A856CB /* Home.swift */ = {isa = PBXFileReference; lastKnownFileType = sourcecode.swift; path = Home.swift; sourceTree = "<group>"; };
		FDA53AC02470284B00A856CB /* Base */ = {isa = PBXFileReference; lastKnownFileType = file.storyboard; name = Base; path = Base.lproj/Main.storyboard; sourceTree = "<group>"; };
		FDA53AC22470284C00A856CB /* Assets.xcassets */ = {isa = PBXFileReference; lastKnownFileType = folder.assetcatalog; path = Assets.xcassets; sourceTree = "<group>"; };
		FDA53AC52470284C00A856CB /* Base */ = {isa = PBXFileReference; lastKnownFileType = file.storyboard; name = Base; path = Base.lproj/LaunchScreen.storyboard; sourceTree = "<group>"; };
		FDA53AC72470284C00A856CB /* Info.plist */ = {isa = PBXFileReference; lastKnownFileType = text.plist.xml; path = Info.plist; sourceTree = "<group>"; };
		FDA53ACC2470284D00A856CB /* Aqwas testTests.xctest */ = {isa = PBXFileReference; explicitFileType = wrapper.cfbundle; includeInIndex = 0; path = "Aqwas testTests.xctest"; sourceTree = BUILT_PRODUCTS_DIR; };
		FDA53AD02470284D00A856CB /* Aqwas_testTests.swift */ = {isa = PBXFileReference; lastKnownFileType = sourcecode.swift; path = Aqwas_testTests.swift; sourceTree = "<group>"; };
		FDA53AD22470284D00A856CB /* Info.plist */ = {isa = PBXFileReference; lastKnownFileType = text.plist.xml; path = Info.plist; sourceTree = "<group>"; };
		FDA53AD72470284D00A856CB /* Aqwas testUITests.xctest */ = {isa = PBXFileReference; explicitFileType = wrapper.cfbundle; includeInIndex = 0; path = "Aqwas testUITests.xctest"; sourceTree = BUILT_PRODUCTS_DIR; };
		FDA53ADB2470284D00A856CB /* Aqwas_testUITests.swift */ = {isa = PBXFileReference; lastKnownFileType = sourcecode.swift; path = Aqwas_testUITests.swift; sourceTree = "<group>"; };
		FDA53ADD2470284D00A856CB /* Info.plist */ = {isa = PBXFileReference; lastKnownFileType = text.plist.xml; path = Info.plist; sourceTree = "<group>"; };
		FDA53AEA2470303800A856CB /* UIViewExtension.swift */ = {isa = PBXFileReference; fileEncoding = 4; lastKnownFileType = sourcecode.swift; path = UIViewExtension.swift; sourceTree = "<group>"; };
		FDEEE483247192730084C44F /* NetworkCommunication.swift */ = {isa = PBXFileReference; fileEncoding = 4; lastKnownFileType = sourcecode.swift; path = NetworkCommunication.swift; sourceTree = "<group>"; };
		FDEEE485247192C60084C44F /* Connectivity.swift */ = {isa = PBXFileReference; fileEncoding = 4; lastKnownFileType = sourcecode.swift; path = Connectivity.swift; sourceTree = "<group>"; };
		FDEEE4882471CA5A0084C44F /* resturantModel.swift */ = {isa = PBXFileReference; lastKnownFileType = sourcecode.swift; path = resturantModel.swift; sourceTree = "<group>"; };
		FDEEE48B2471CA830084C44F /* ResturantViewModel.swift */ = {isa = PBXFileReference; lastKnownFileType = sourcecode.swift; path = ResturantViewModel.swift; sourceTree = "<group>"; };
		FDEEE48D2471CBAC0084C44F /* Observable.swift */ = {isa = PBXFileReference; fileEncoding = 4; lastKnownFileType = sourcecode.swift; path = Observable.swift; sourceTree = "<group>"; };
		FDEEE48F2471CC1E0084C44F /* returantResponse.swift */ = {isa = PBXFileReference; lastKnownFileType = sourcecode.swift; path = returantResponse.swift; sourceTree = "<group>"; };
/* End PBXFileReference section */

/* Begin PBXFrameworksBuildPhase section */
		FDA53AB32470284B00A856CB /* Frameworks */ = {
			isa = PBXFrameworksBuildPhase;
			buildActionMask = 2147483647;
			files = (
				DE7F32CB84D17E35DE15ED74 /* Pods_Aqwas_test.framework in Frameworks */,
			);
			runOnlyForDeploymentPostprocessing = 0;
		};
		FDA53AC92470284D00A856CB /* Frameworks */ = {
			isa = PBXFrameworksBuildPhase;
			buildActionMask = 2147483647;
			files = (
				F6FE4C10B4146801FB1A8475 /* Pods_Aqwas_testTests.framework in Frameworks */,
			);
			runOnlyForDeploymentPostprocessing = 0;
		};
		FDA53AD42470284D00A856CB /* Frameworks */ = {
			isa = PBXFrameworksBuildPhase;
			buildActionMask = 2147483647;
			files = (
				490BBACFF29B3681C1F058E7 /* Pods_Aqwas_test_Aqwas_testUITests.framework in Frameworks */,
			);
			runOnlyForDeploymentPostprocessing = 0;
		};
/* End PBXFrameworksBuildPhase section */

/* Begin PBXGroup section */
		6B9EF1C2CF735A1886981245 /* Pods */ = {
			isa = PBXGroup;
			children = (
				EE9C501427550DD6CB9A32DC /* Pods-Aqwas test.debug.xcconfig */,
				B633A4E9F224EAD7CFCB4125 /* Pods-Aqwas test.release.xcconfig */,
				221F610BE66F6F1454CDE68E /* Pods-Aqwas test-Aqwas testUITests.debug.xcconfig */,
				8C161858ABE2C2D29850E2FD /* Pods-Aqwas test-Aqwas testUITests.release.xcconfig */,
				373DDACB9AFEC72DF311CAAB /* Pods-Aqwas testTests.debug.xcconfig */,
				6BECAFFF97A5271949FDC9AE /* Pods-Aqwas testTests.release.xcconfig */,
			);
			path = Pods;
			sourceTree = "<group>";
		};
		E15EBE7290BABF0E56E34BA8 /* Frameworks */ = {
			isa = PBXGroup;
			children = (
				8143264619E13A814570E3AD /* Pods_Aqwas_test.framework */,
				AB4D9950C198F25D837C103D /* Pods_Aqwas_test_Aqwas_testUITests.framework */,
				99AB2728223A9588E792373A /* Pods_Aqwas_testTests.framework */,
			);
			name = Frameworks;
			sourceTree = "<group>";
		};
		FDA53AAD2470284B00A856CB = {
			isa = PBXGroup;
			children = (
				FDA53AB82470284B00A856CB /* Aqwas test */,
				FDA53ACF2470284D00A856CB /* Aqwas testTests */,
				FDA53ADA2470284D00A856CB /* Aqwas testUITests */,
				FDA53AB72470284B00A856CB /* Products */,
				6B9EF1C2CF735A1886981245 /* Pods */,
				E15EBE7290BABF0E56E34BA8 /* Frameworks */,
			);
			sourceTree = "<group>";
		};
		FDA53AB72470284B00A856CB /* Products */ = {
			isa = PBXGroup;
			children = (
				FDA53AB62470284B00A856CB /* Aqwas test.app */,
				FDA53ACC2470284D00A856CB /* Aqwas testTests.xctest */,
				FDA53AD72470284D00A856CB /* Aqwas testUITests.xctest */,
			);
			name = Products;
			sourceTree = "<group>";
		};
		FDA53AB82470284B00A856CB /* Aqwas test */ = {
			isa = PBXGroup;
			children = (
				FDEEE48A2471CA760084C44F /* ViewModel */,
				FDEEE4872471CA4C0084C44F /* model */,
				FDEEE482247192690084C44F /* network */,
				FDA53AE92470302100A856CB /* resources */,
				FDA53AB92470284B00A856CB /* AppDelegate.swift */,
				FDA53ABB2470284B00A856CB /* SceneDelegate.swift */,
				FDA53ABD2470284B00A856CB /* Home.swift */,
				FD6C35FF2470A97B00DFF959 /* MapViewController.swift */,
				FDA53ABF2470284B00A856CB /* Main.storyboard */,
				FDA53AC22470284C00A856CB /* Assets.xcassets */,
				FDA53AC42470284C00A856CB /* LaunchScreen.storyboard */,
				FDA53AC72470284C00A856CB /* Info.plist */,
			);
			path = "Aqwas test";
			sourceTree = "<group>";
		};
		FDA53ACF2470284D00A856CB /* Aqwas testTests */ = {
			isa = PBXGroup;
			children = (
				FDA53AD02470284D00A856CB /* Aqwas_testTests.swift */,
				FDA53AD22470284D00A856CB /* Info.plist */,
			);
			path = "Aqwas testTests";
			sourceTree = "<group>";
		};
		FDA53ADA2470284D00A856CB /* Aqwas testUITests */ = {
			isa = PBXGroup;
			children = (
				FDA53ADB2470284D00A856CB /* Aqwas_testUITests.swift */,
				FDA53ADD2470284D00A856CB /* Info.plist */,
			);
			path = "Aqwas testUITests";
			sourceTree = "<group>";
		};
		FDA53AE92470302100A856CB /* resources */ = {
			isa = PBXGroup;
			children = (
				FDA53AEA2470303800A856CB /* UIViewExtension.swift */,
			);
			path = resources;
			sourceTree = "<group>";
		};
		FDEEE482247192690084C44F /* network */ = {
			isa = PBXGroup;
			children = (
				FDEEE48D2471CBAC0084C44F /* Observable.swift */,
				FDEEE483247192730084C44F /* NetworkCommunication.swift */,
				FDEEE485247192C60084C44F /* Connectivity.swift */,
			);
			path = network;
			sourceTree = "<group>";
		};
		FDEEE4872471CA4C0084C44F /* model */ = {
			isa = PBXGroup;
			children = (
				FDEEE4882471CA5A0084C44F /* resturantModel.swift */,
			);
			path = model;
			sourceTree = "<group>";
		};
		FDEEE48A2471CA760084C44F /* ViewModel */ = {
			isa = PBXGroup;
			children = (
				FDEEE48B2471CA830084C44F /* ResturantViewModel.swift */,
				FDEEE48F2471CC1E0084C44F /* returantResponse.swift */,
			);
			path = ViewModel;
			sourceTree = "<group>";
		};
/* End PBXGroup section */

/* Begin PBXNativeTarget section */
		FDA53AB52470284B00A856CB /* Aqwas test */ = {
			isa = PBXNativeTarget;
			buildConfigurationList = FDA53AE02470284D00A856CB /* Build configuration list for PBXNativeTarget "Aqwas test" */;
			buildPhases = (
				9ABA49DB1EA1ED670432035B /* [CP] Check Pods Manifest.lock */,
				FDA53AB22470284B00A856CB /* Sources */,
				FDA53AB32470284B00A856CB /* Frameworks */,
				FDA53AB42470284B00A856CB /* Resources */,
				86A902F9FE450E0B082093D0 /* [CP] Copy Pods Resources */,
				0E1085E3EE83B691DDA1DBF0 /* [CP] Embed Pods Frameworks */,
			);
			buildRules = (
			);
			dependencies = (
			);
			name = "Aqwas test";
			productName = "Aqwas test";
			productReference = FDA53AB62470284B00A856CB /* Aqwas test.app */;
			productType = "com.apple.product-type.application";
		};
		FDA53ACB2470284D00A856CB /* Aqwas testTests */ = {
			isa = PBXNativeTarget;
			buildConfigurationList = FDA53AE32470284D00A856CB /* Build configuration list for PBXNativeTarget "Aqwas testTests" */;
			buildPhases = (
				C6AC187EE4337260041459C6 /* [CP] Check Pods Manifest.lock */,
				FDA53AC82470284D00A856CB /* Sources */,
				FDA53AC92470284D00A856CB /* Frameworks */,
				FDA53ACA2470284D00A856CB /* Resources */,
			);
			buildRules = (
			);
			dependencies = (
				FDA53ACE2470284D00A856CB /* PBXTargetDependency */,
			);
			name = "Aqwas testTests";
			productName = "Aqwas testTests";
			productReference = FDA53ACC2470284D00A856CB /* Aqwas testTests.xctest */;
			productType = "com.apple.product-type.bundle.unit-test";
		};
		FDA53AD62470284D00A856CB /* Aqwas testUITests */ = {
			isa = PBXNativeTarget;
			buildConfigurationList = FDA53AE62470284D00A856CB /* Build configuration list for PBXNativeTarget "Aqwas testUITests" */;
			buildPhases = (
				36E158DA4DEF38AE3C5290D3 /* [CP] Check Pods Manifest.lock */,
				FDA53AD32470284D00A856CB /* Sources */,
				FDA53AD42470284D00A856CB /* Frameworks */,
				FDA53AD52470284D00A856CB /* Resources */,
				772A3C868372B113EB39B009 /* [CP] Copy Pods Resources */,
				DB3E1132371C6D22A08277F1 /* [CP] Embed Pods Frameworks */,
			);
			buildRules = (
			);
			dependencies = (
				FDA53AD92470284D00A856CB /* PBXTargetDependency */,
			);
			name = "Aqwas testUITests";
			productName = "Aqwas testUITests";
			productReference = FDA53AD72470284D00A856CB /* Aqwas testUITests.xctest */;
			productType = "com.apple.product-type.bundle.ui-testing";
		};
/* End PBXNativeTarget section */

/* Begin PBXProject section */
		FDA53AAE2470284B00A856CB /* Project object */ = {
			isa = PBXProject;
			attributes = {
				LastSwiftUpdateCheck = 1130;
				LastUpgradeCheck = 1130;
				TargetAttributes = {
					FDA53AB52470284B00A856CB = {
						CreatedOnToolsVersion = 11.3.1;
					};
					FDA53ACB2470284D00A856CB = {
						CreatedOnToolsVersion = 11.3.1;
						TestTargetID = FDA53AB52470284B00A856CB;
					};
					FDA53AD62470284D00A856CB = {
						CreatedOnToolsVersion = 11.3.1;
						TestTargetID = FDA53AB52470284B00A856CB;
					};
				};
			};
			buildConfigurationList = FDA53AB12470284B00A856CB /* Build configuration list for PBXProject "Aqwas test" */;
			compatibilityVersion = "Xcode 9.3";
			developmentRegion = en;
			hasScannedForEncodings = 0;
			knownRegions = (
				en,
				Base,
			);
			mainGroup = FDA53AAD2470284B00A856CB;
			productRefGroup = FDA53AB72470284B00A856CB /* Products */;
			projectDirPath = "";
			projectRoot = "";
			targets = (
				FDA53AB52470284B00A856CB /* Aqwas test */,
				FDA53ACB2470284D00A856CB /* Aqwas testTests */,
				FDA53AD62470284D00A856CB /* Aqwas testUITests */,
			);
		};
/* End PBXProject section */

/* Begin PBXResourcesBuildPhase section */
		FDA53AB42470284B00A856CB /* Resources */ = {
			isa = PBXResourcesBuildPhase;
			buildActionMask = 2147483647;
			files = (
				FDA53AC62470284C00A856CB /* LaunchScreen.storyboard in Resources */,
				FDA53AC32470284C00A856CB /* Assets.xcassets in Resources */,
				FDA53AC12470284B00A856CB /* Main.storyboard in Resources */,
			);
			runOnlyForDeploymentPostprocessing = 0;
		};
		FDA53ACA2470284D00A856CB /* Resources */ = {
			isa = PBXResourcesBuildPhase;
			buildActionMask = 2147483647;
			files = (
			);
			runOnlyForDeploymentPostprocessing = 0;
		};
		FDA53AD52470284D00A856CB /* Resources */ = {
			isa = PBXResourcesBuildPhase;
			buildActionMask = 2147483647;
			files = (
			);
			runOnlyForDeploymentPostprocessing = 0;
		};
/* End PBXResourcesBuildPhase section */

/* Begin PBXShellScriptBuildPhase section */
		0E1085E3EE83B691DDA1DBF0 /* [CP] Embed Pods Frameworks */ = {
			isa = PBXShellScriptBuildPhase;
			buildActionMask = 2147483647;
			files = (
			);
			inputFileListPaths = (
				"${PODS_ROOT}/Target Support Files/Pods-Aqwas test/Pods-Aqwas test-frameworks-${CONFIGURATION}-input-files.xcfilelist",
			);
			name = "[CP] Embed Pods Frameworks";
			outputFileListPaths = (
				"${PODS_ROOT}/Target Support Files/Pods-Aqwas test/Pods-Aqwas test-frameworks-${CONFIGURATION}-output-files.xcfilelist",
			);
			runOnlyForDeploymentPostprocessing = 0;
			shellPath = /bin/sh;
			shellScript = "\"${PODS_ROOT}/Target Support Files/Pods-Aqwas test/Pods-Aqwas test-frameworks.sh\"\n";
			showEnvVarsInLog = 0;
		};
		36E158DA4DEF38AE3C5290D3 /* [CP] Check Pods Manifest.lock */ = {
			isa = PBXShellScriptBuildPhase;
			buildActionMask = 2147483647;
			files = (
			);
			inputFileListPaths = (
			);
			inputPaths = (
				"${PODS_PODFILE_DIR_PATH}/Podfile.lock",
				"${PODS_ROOT}/Manifest.lock",
			);
			name = "[CP] Check Pods Manifest.lock";
			outputFileListPaths = (
			);
			outputPaths = (
				"$(DERIVED_FILE_DIR)/Pods-Aqwas test-Aqwas testUITests-checkManifestLockResult.txt",
			);
			runOnlyForDeploymentPostprocessing = 0;
			shellPath = /bin/sh;
			shellScript = "diff \"${PODS_PODFILE_DIR_PATH}/Podfile.lock\" \"${PODS_ROOT}/Manifest.lock\" > /dev/null\nif [ $? != 0 ] ; then\n    # print error to STDERR\n    echo \"error: The sandbox is not in sync with the Podfile.lock. Run 'pod install' or update your CocoaPods installation.\" >&2\n    exit 1\nfi\n# This output is used by Xcode 'outputs' to avoid re-running this script phase.\necho \"SUCCESS\" > \"${SCRIPT_OUTPUT_FILE_0}\"\n";
			showEnvVarsInLog = 0;
		};
		772A3C868372B113EB39B009 /* [CP] Copy Pods Resources */ = {
			isa = PBXShellScriptBuildPhase;
			buildActionMask = 2147483647;
			files = (
			);
			inputFileListPaths = (
				"${PODS_ROOT}/Target Support Files/Pods-Aqwas test-Aqwas testUITests/Pods-Aqwas test-Aqwas testUITests-resources-${CONFIGURATION}-input-files.xcfilelist",
			);
			name = "[CP] Copy Pods Resources";
			outputFileListPaths = (
				"${PODS_ROOT}/Target Support Files/Pods-Aqwas test-Aqwas testUITests/Pods-Aqwas test-Aqwas testUITests-resources-${CONFIGURATION}-output-files.xcfilelist",
			);
			runOnlyForDeploymentPostprocessing = 0;
			shellPath = /bin/sh;
			shellScript = "\"${PODS_ROOT}/Target Support Files/Pods-Aqwas test-Aqwas testUITests/Pods-Aqwas test-Aqwas testUITests-resources.sh\"\n";
			showEnvVarsInLog = 0;
		};
		86A902F9FE450E0B082093D0 /* [CP] Copy Pods Resources */ = {
			isa = PBXShellScriptBuildPhase;
			buildActionMask = 2147483647;
			files = (
			);
			inputFileListPaths = (
				"${PODS_ROOT}/Target Support Files/Pods-Aqwas test/Pods-Aqwas test-resources-${CONFIGURATION}-input-files.xcfilelist",
			);
			name = "[CP] Copy Pods Resources";
			outputFileListPaths = (
				"${PODS_ROOT}/Target Support Files/Pods-Aqwas test/Pods-Aqwas test-resources-${CONFIGURATION}-output-files.xcfilelist",
			);
			runOnlyForDeploymentPostprocessing = 0;
			shellPath = /bin/sh;
			shellScript = "\"${PODS_ROOT}/Target Support Files/Pods-Aqwas test/Pods-Aqwas test-resources.sh\"\n";
			showEnvVarsInLog = 0;
		};
		9ABA49DB1EA1ED670432035B /* [CP] Check Pods Manifest.lock */ = {
			isa = PBXShellScriptBuildPhase;
			buildActionMask = 2147483647;
			files = (
			);
			inputFileListPaths = (
			);
			inputPaths = (
				"${PODS_PODFILE_DIR_PATH}/Podfile.lock",
				"${PODS_ROOT}/Manifest.lock",
			);
			name = "[CP] Check Pods Manifest.lock";
			outputFileListPaths = (
			);
			outputPaths = (
				"$(DERIVED_FILE_DIR)/Pods-Aqwas test-checkManifestLockResult.txt",
			);
			runOnlyForDeploymentPostprocessing = 0;
			shellPath = /bin/sh;
			shellScript = "diff \"${PODS_PODFILE_DIR_PATH}/Podfile.lock\" \"${PODS_ROOT}/Manifest.lock\" > /dev/null\nif [ $? != 0 ] ; then\n    # print error to STDERR\n    echo \"error: The sandbox is not in sync with the Podfile.lock. Run 'pod install' or update your CocoaPods installation.\" >&2\n    exit 1\nfi\n# This output is used by Xcode 'outputs' to avoid re-running this script phase.\necho \"SUCCESS\" > \"${SCRIPT_OUTPUT_FILE_0}\"\n";
			showEnvVarsInLog = 0;
		};
		C6AC187EE4337260041459C6 /* [CP] Check Pods Manifest.lock */ = {
			isa = PBXShellScriptBuildPhase;
			buildActionMask = 2147483647;
			files = (
			);
			inputFileListPaths = (
			);
			inputPaths = (
				"${PODS_PODFILE_DIR_PATH}/Podfile.lock",
				"${PODS_ROOT}/Manifest.lock",
			);
			name = "[CP] Check Pods Manifest.lock";
			outputFileListPaths = (
			);
			outputPaths = (
				"$(DERIVED_FILE_DIR)/Pods-Aqwas testTests-checkManifestLockResult.txt",
			);
			runOnlyForDeploymentPostprocessing = 0;
			shellPath = /bin/sh;
			shellScript = "diff \"${PODS_PODFILE_DIR_PATH}/Podfile.lock\" \"${PODS_ROOT}/Manifest.lock\" > /dev/null\nif [ $? != 0 ] ; then\n    # print error to STDERR\n    echo \"error: The sandbox is not in sync with the Podfile.lock. Run 'pod install' or update your CocoaPods installation.\" >&2\n    exit 1\nfi\n# This output is used by Xcode 'outputs' to avoid re-running this script phase.\necho \"SUCCESS\" > \"${SCRIPT_OUTPUT_FILE_0}\"\n";
			showEnvVarsInLog = 0;
		};
		DB3E1132371C6D22A08277F1 /* [CP] Embed Pods Frameworks */ = {
			isa = PBXShellScriptBuildPhase;
			buildActionMask = 2147483647;
			files = (
			);
			inputFileListPaths = (
				"${PODS_ROOT}/Target Support Files/Pods-Aqwas test-Aqwas testUITests/Pods-Aqwas test-Aqwas testUITests-frameworks-${CONFIGURATION}-input-files.xcfilelist",
			);
			name = "[CP] Embed Pods Frameworks";
			outputFileListPaths = (
				"${PODS_ROOT}/Target Support Files/Pods-Aqwas test-Aqwas testUITests/Pods-Aqwas test-Aqwas testUITests-frameworks-${CONFIGURATION}-output-files.xcfilelist",
			);
			runOnlyForDeploymentPostprocessing = 0;
			shellPath = /bin/sh;
			shellScript = "\"${PODS_ROOT}/Target Support Files/Pods-Aqwas test-Aqwas testUITests/Pods-Aqwas test-Aqwas testUITests-frameworks.sh\"\n";
			showEnvVarsInLog = 0;
		};
/* End PBXShellScriptBuildPhase section */

/* Begin PBXSourcesBuildPhase section */
		FDA53AB22470284B00A856CB /* Sources */ = {
			isa = PBXSourcesBuildPhase;
			buildActionMask = 2147483647;
			files = (
				FDA53ABE2470284B00A856CB /* Home.swift in Sources */,
				FDA53ABA2470284B00A856CB /* AppDelegate.swift in Sources */,
				FDA53AEB2470303800A856CB /* UIViewExtension.swift in Sources */,
				FD6C36002470A97B00DFF959 /* MapViewController.swift in Sources */,
				FDA53ABC2470284B00A856CB /* SceneDelegate.swift in Sources */,
				FDEEE4892471CA5A0084C44F /* resturantModel.swift in Sources */,
				FDEEE48E2471CBAC0084C44F /* Observable.swift in Sources */,
				FDEEE484247192730084C44F /* NetworkCommunication.swift in Sources */,
				FDEEE48C2471CA830084C44F /* ResturantViewModel.swift in Sources */,
				FDEEE4902471CC1E0084C44F /* returantResponse.swift in Sources */,
				FDEEE486247192C60084C44F /* Connectivity.swift in Sources */,
			);
			runOnlyForDeploymentPostprocessing = 0;
		};
		FDA53AC82470284D00A856CB /* Sources */ = {
			isa = PBXSourcesBuildPhase;
			buildActionMask = 2147483647;
			files = (
				FDA53AD12470284D00A856CB /* Aqwas_testTests.swift in Sources */,
			);
			runOnlyForDeploymentPostprocessing = 0;
		};
		FDA53AD32470284D00A856CB /* Sources */ = {
			isa = PBXSourcesBuildPhase;
			buildActionMask = 2147483647;
			files = (
				FDA53ADC2470284D00A856CB /* Aqwas_testUITests.swift in Sources */,
			);
			runOnlyForDeploymentPostprocessing = 0;
		};
/* End PBXSourcesBuildPhase section */

/* Begin PBXTargetDependency section */
		FDA53ACE2470284D00A856CB /* PBXTargetDependency */ = {
			isa = PBXTargetDependency;
			target = FDA53AB52470284B00A856CB /* Aqwas test */;
			targetProxy = FDA53ACD2470284D00A856CB /* PBXContainerItemProxy */;
		};
		FDA53AD92470284D00A856CB /* PBXTargetDependency */ = {
			isa = PBXTargetDependency;
			target = FDA53AB52470284B00A856CB /* Aqwas test */;
			targetProxy = FDA53AD82470284D00A856CB /* PBXContainerItemProxy */;
		};
/* End PBXTargetDependency section */

/* Begin PBXVariantGroup section */
		FDA53ABF2470284B00A856CB /* Main.storyboard */ = {
			isa = PBXVariantGroup;
			children = (
				FDA53AC02470284B00A856CB /* Base */,
			);
			name = Main.storyboard;
			sourceTree = "<group>";
		};
		FDA53AC42470284C00A856CB /* LaunchScreen.storyboard */ = {
			isa = PBXVariantGroup;
			children = (
				FDA53AC52470284C00A856CB /* Base */,
			);
			name = LaunchScreen.storyboard;
			sourceTree = "<group>";
		};
/* End PBXVariantGroup section */

/* Begin XCBuildConfiguration section */
		FDA53ADE2470284D00A856CB /* Debug */ = {
			isa = XCBuildConfiguration;
			buildSettings = {
				ALWAYS_SEARCH_USER_PATHS = NO;
				CLANG_ANALYZER_NONNULL = YES;
				CLANG_ANALYZER_NUMBER_OBJECT_CONVERSION = YES_AGGRESSIVE;
				CLANG_CXX_LANGUAGE_STANDARD = "gnu++14";
				CLANG_CXX_LIBRARY = "libc++";
				CLANG_ENABLE_MODULES = YES;
				CLANG_ENABLE_OBJC_ARC = YES;
				CLANG_ENABLE_OBJC_WEAK = YES;
				CLANG_WARN_BLOCK_CAPTURE_AUTORELEASING = YES;
				CLANG_WARN_BOOL_CONVERSION = YES;
				CLANG_WARN_COMMA = YES;
				CLANG_WARN_CONSTANT_CONVERSION = YES;
				CLANG_WARN_DEPRECATED_OBJC_IMPLEMENTATIONS = YES;
				CLANG_WARN_DIRECT_OBJC_ISA_USAGE = YES_ERROR;
				CLANG_WARN_DOCUMENTATION_COMMENTS = YES;
				CLANG_WARN_EMPTY_BODY = YES;
				CLANG_WARN_ENUM_CONVERSION = YES;
				CLANG_WARN_INFINITE_RECURSION = YES;
				CLANG_WARN_INT_CONVERSION = YES;
				CLANG_WARN_NON_LITERAL_NULL_CONVERSION = YES;
				CLANG_WARN_OBJC_IMPLICIT_RETAIN_SELF = YES;
				CLANG_WARN_OBJC_LITERAL_CONVERSION = YES;
				CLANG_WARN_OBJC_ROOT_CLASS = YES_ERROR;
				CLANG_WARN_RANGE_LOOP_ANALYSIS = YES;
				CLANG_WARN_STRICT_PROTOTYPES = YES;
				CLANG_WARN_SUSPICIOUS_MOVE = YES;
				CLANG_WARN_UNGUARDED_AVAILABILITY = YES_AGGRESSIVE;
				CLANG_WARN_UNREACHABLE_CODE = YES;
				CLANG_WARN__DUPLICATE_METHOD_MATCH = YES;
				COPY_PHASE_STRIP = NO;
				DEBUG_INFORMATION_FORMAT = dwarf;
				ENABLE_STRICT_OBJC_MSGSEND = YES;
				ENABLE_TESTABILITY = YES;
				GCC_C_LANGUAGE_STANDARD = gnu11;
				GCC_DYNAMIC_NO_PIC = NO;
				GCC_NO_COMMON_BLOCKS = YES;
				GCC_OPTIMIZATION_LEVEL = 0;
				GCC_PREPROCESSOR_DEFINITIONS = (
					"DEBUG=1",
					"$(inherited)",
				);
				GCC_WARN_64_TO_32_BIT_CONVERSION = YES;
				GCC_WARN_ABOUT_RETURN_TYPE = YES_ERROR;
				GCC_WARN_UNDECLARED_SELECTOR = YES;
				GCC_WARN_UNINITIALIZED_AUTOS = YES_AGGRESSIVE;
				GCC_WARN_UNUSED_FUNCTION = YES;
				GCC_WARN_UNUSED_VARIABLE = YES;
				IPHONEOS_DEPLOYMENT_TARGET = 13.2;
				MTL_ENABLE_DEBUG_INFO = INCLUDE_SOURCE;
				MTL_FAST_MATH = YES;
				ONLY_ACTIVE_ARCH = YES;
				SDKROOT = iphoneos;
				SWIFT_ACTIVE_COMPILATION_CONDITIONS = DEBUG;
				SWIFT_OPTIMIZATION_LEVEL = "-Onone";
			};
			name = Debug;
		};
		FDA53ADF2470284D00A856CB /* Release */ = {
			isa = XCBuildConfiguration;
			buildSettings = {
				ALWAYS_SEARCH_USER_PATHS = NO;
				CLANG_ANALYZER_NONNULL = YES;
				CLANG_ANALYZER_NUMBER_OBJECT_CONVERSION = YES_AGGRESSIVE;
				CLANG_CXX_LANGUAGE_STANDARD = "gnu++14";
				CLANG_CXX_LIBRARY = "libc++";
				CLANG_ENABLE_MODULES = YES;
				CLANG_ENABLE_OBJC_ARC = YES;
				CLANG_ENABLE_OBJC_WEAK = YES;
				CLANG_WARN_BLOCK_CAPTURE_AUTORELEASING = YES;
				CLANG_WARN_BOOL_CONVERSION = YES;
				CLANG_WARN_COMMA = YES;
				CLANG_WARN_CONSTANT_CONVERSION = YES;
				CLANG_WARN_DEPRECATED_OBJC_IMPLEMENTATIONS = YES;
				CLANG_WARN_DIRECT_OBJC_ISA_USAGE = YES_ERROR;
				CLANG_WARN_DOCUMENTATION_COMMENTS = YES;
				CLANG_WARN_EMPTY_BODY = YES;
				CLANG_WARN_ENUM_CONVERSION = YES;
				CLANG_WARN_INFINITE_RECURSION = YES;
				CLANG_WARN_INT_CONVERSION = YES;
				CLANG_WARN_NON_LITERAL_NULL_CONVERSION = YES;
				CLANG_WARN_OBJC_IMPLICIT_RETAIN_SELF = YES;
				CLANG_WARN_OBJC_LITERAL_CONVERSION = YES;
				CLANG_WARN_OBJC_ROOT_CLASS = YES_ERROR;
				CLANG_WARN_RANGE_LOOP_ANALYSIS = YES;
				CLANG_WARN_STRICT_PROTOTYPES = YES;
				CLANG_WARN_SUSPICIOUS_MOVE = YES;
				CLANG_WARN_UNGUARDED_AVAILABILITY = YES_AGGRESSIVE;
				CLANG_WARN_UNREACHABLE_CODE = YES;
				CLANG_WARN__DUPLICATE_METHOD_MATCH = YES;
				COPY_PHASE_STRIP = NO;
				DEBUG_INFORMATION_FORMAT = "dwarf-with-dsym";
				ENABLE_NS_ASSERTIONS = NO;
				ENABLE_STRICT_OBJC_MSGSEND = YES;
				GCC_C_LANGUAGE_STANDARD = gnu11;
				GCC_NO_COMMON_BLOCKS = YES;
				GCC_WARN_64_TO_32_BIT_CONVERSION = YES;
				GCC_WARN_ABOUT_RETURN_TYPE = YES_ERROR;
				GCC_WARN_UNDECLARED_SELECTOR = YES;
				GCC_WARN_UNINITIALIZED_AUTOS = YES_AGGRESSIVE;
				GCC_WARN_UNUSED_FUNCTION = YES;
				GCC_WARN_UNUSED_VARIABLE = YES;
				IPHONEOS_DEPLOYMENT_TARGET = 13.2;
				MTL_ENABLE_DEBUG_INFO = NO;
				MTL_FAST_MATH = YES;
				SDKROOT = iphoneos;
				SWIFT_COMPILATION_MODE = wholemodule;
				SWIFT_OPTIMIZATION_LEVEL = "-O";
				VALIDATE_PRODUCT = YES;
			};
			name = Release;
		};
		FDA53AE12470284D00A856CB /* Debug */ = {
			isa = XCBuildConfiguration;
			baseConfigurationReference = EE9C501427550DD6CB9A32DC /* Pods-Aqwas test.debug.xcconfig */;
			buildSettings = {
				ASSETCATALOG_COMPILER_APPICON_NAME = AppIcon;
				CODE_SIGN_STYLE = Automatic;
				DEVELOPMENT_TEAM = 8FPXLS22QF;
				INFOPLIST_FILE = "Aqwas test/Info.plist";
				LD_RUNPATH_SEARCH_PATHS = (
					"$(inherited)",
					"@executable_path/Frameworks",
				);
				PRODUCT_BUNDLE_IDENTIFIER = "Test.Aqwas-test";
				PRODUCT_NAME = "$(TARGET_NAME)";
				SWIFT_VERSION = 5.0;
				TARGETED_DEVICE_FAMILY = "1,2";
			};
			name = Debug;
		};
		FDA53AE22470284D00A856CB /* Release */ = {
			isa = XCBuildConfiguration;
			baseConfigurationReference = B633A4E9F224EAD7CFCB4125 /* Pods-Aqwas test.release.xcconfig */;
			buildSettings = {
				ASSETCATALOG_COMPILER_APPICON_NAME = AppIcon;
				CODE_SIGN_STYLE = Automatic;
				DEVELOPMENT_TEAM = 8FPXLS22QF;
				INFOPLIST_FILE = "Aqwas test/Info.plist";
				LD_RUNPATH_SEARCH_PATHS = (
					"$(inherited)",
					"@executable_path/Frameworks",
				);
				PRODUCT_BUNDLE_IDENTIFIER = "Test.Aqwas-test";
				PRODUCT_NAME = "$(TARGET_NAME)";
				SWIFT_VERSION = 5.0;
				TARGETED_DEVICE_FAMILY = "1,2";
			};
			name = Release;
		};
		FDA53AE42470284D00A856CB /* Debug */ = {
			isa = XCBuildConfiguration;
			baseConfigurationReference = 373DDACB9AFEC72DF311CAAB /* Pods-Aqwas testTests.debug.xcconfig */;
			buildSettings = {
				ALWAYS_EMBED_SWIFT_STANDARD_LIBRARIES = YES;
				BUNDLE_LOADER = "$(TEST_HOST)";
				CODE_SIGN_STYLE = Automatic;
				INFOPLIST_FILE = "Aqwas testTests/Info.plist";
				IPHONEOS_DEPLOYMENT_TARGET = 13.2;
				LD_RUNPATH_SEARCH_PATHS = (
					"$(inherited)",
					"@executable_path/Frameworks",
					"@loader_path/Frameworks",
				);
				PRODUCT_BUNDLE_IDENTIFIER = "Test.Aqwas-testTests";
				PRODUCT_NAME = "$(TARGET_NAME)";
				SWIFT_VERSION = 5.0;
				TARGETED_DEVICE_FAMILY = "1,2";
				TEST_HOST = "$(BUILT_PRODUCTS_DIR)/Aqwas test.app/Aqwas test";
			};
			name = Debug;
		};
		FDA53AE52470284D00A856CB /* Release */ = {
			isa = XCBuildConfiguration;
			baseConfigurationReference = 6BECAFFF97A5271949FDC9AE /* Pods-Aqwas testTests.release.xcconfig */;
			buildSettings = {
				ALWAYS_EMBED_SWIFT_STANDARD_LIBRARIES = YES;
				BUNDLE_LOADER = "$(TEST_HOST)";
				CODE_SIGN_STYLE = Automatic;
				INFOPLIST_FILE = "Aqwas testTests/Info.plist";
				IPHONEOS_DEPLOYMENT_TARGET = 13.2;
				LD_RUNPATH_SEARCH_PATHS = (
					"$(inherited)",
					"@executable_path/Frameworks",
					"@loader_path/Frameworks",
				);
				PRODUCT_BUNDLE_IDENTIFIER = "Test.Aqwas-testTests";
				PRODUCT_NAME = "$(TARGET_NAME)";
				SWIFT_VERSION = 5.0;
				TARGETED_DEVICE_FAMILY = "1,2";
				TEST_HOST = "$(BUILT_PRODUCTS_DIR)/Aqwas test.app/Aqwas test";
			};
			name = Release;
		};
		FDA53AE72470284D00A856CB /* Debug */ = {
			isa = XCBuildConfiguration;
			baseConfigurationReference = 221F610BE66F6F1454CDE68E /* Pods-Aqwas test-Aqwas testUITests.debug.xcconfig */;
			buildSettings = {
				ALWAYS_EMBED_SWIFT_STANDARD_LIBRARIES = YES;
				CODE_SIGN_STYLE = Automatic;
				INFOPLIST_FILE = "Aqwas testUITests/Info.plist";
				LD_RUNPATH_SEARCH_PATHS = (
					"$(inherited)",
					"@executable_path/Frameworks",
					"@loader_path/Frameworks",
				);
				PRODUCT_BUNDLE_IDENTIFIER = "Test.Aqwas-testUITests";
				PRODUCT_NAME = "$(TARGET_NAME)";
				SWIFT_VERSION = 5.0;
				TARGETED_DEVICE_FAMILY = "1,2";
				TEST_TARGET_NAME = "Aqwas test";
			};
			name = Debug;
		};
		FDA53AE82470284D00A856CB /* Release */ = {
			isa = XCBuildConfiguration;
			baseConfigurationReference = 8C161858ABE2C2D29850E2FD /* Pods-Aqwas test-Aqwas testUITests.release.xcconfig */;
			buildSettings = {
				ALWAYS_EMBED_SWIFT_STANDARD_LIBRARIES = YES;
				CODE_SIGN_STYLE = Automatic;
				INFOPLIST_FILE = "Aqwas testUITests/Info.plist";
				LD_RUNPATH_SEARCH_PATHS = (
					"$(inherited)",
					"@executable_path/Frameworks",
					"@loader_path/Frameworks",
				);
				PRODUCT_BUNDLE_IDENTIFIER = "Test.Aqwas-testUITests";
				PRODUCT_NAME = "$(TARGET_NAME)";
				SWIFT_VERSION = 5.0;
				TARGETED_DEVICE_FAMILY = "1,2";
				TEST_TARGET_NAME = "Aqwas test";
			};
			name = Release;
		};
/* End XCBuildConfiguration section */

/* Begin XCConfigurationList section */
		FDA53AB12470284B00A856CB /* Build configuration list for PBXProject "Aqwas test" */ = {
			isa = XCConfigurationList;
			buildConfigurations = (
				FDA53ADE2470284D00A856CB /* Debug */,
				FDA53ADF2470284D00A856CB /* Release */,
			);
			defaultConfigurationIsVisible = 0;
			defaultConfigurationName = Release;
		};
		FDA53AE02470284D00A856CB /* Build configuration list for PBXNativeTarget "Aqwas test" */ = {
			isa = XCConfigurationList;
			buildConfigurations = (
				FDA53AE12470284D00A856CB /* Debug */,
				FDA53AE22470284D00A856CB /* Release */,
			);
			defaultConfigurationIsVisible = 0;
			defaultConfigurationName = Release;
		};
		FDA53AE32470284D00A856CB /* Build configuration list for PBXNativeTarget "Aqwas testTests" */ = {
			isa = XCConfigurationList;
			buildConfigurations = (
				FDA53AE42470284D00A856CB /* Debug */,
				FDA53AE52470284D00A856CB /* Release */,
			);
			defaultConfigurationIsVisible = 0;
			defaultConfigurationName = Release;
		};
		FDA53AE62470284D00A856CB /* Build configuration list for PBXNativeTarget "Aqwas testUITests" */ = {
			isa = XCConfigurationList;
			buildConfigurations = (
				FDA53AE72470284D00A856CB /* Debug */,
				FDA53AE82470284D00A856CB /* Release */,
			);
			defaultConfigurationIsVisible = 0;
			defaultConfigurationName = Release;
		};
/* End XCConfigurationList section */
	};
	rootObject = FDA53AAE2470284B00A856CB /* Project object */;
}
